// !$*UTF8*$!
{
	archiveVersion = 1;
	classes = {
	};
	objectVersion = 46;
	objects = {

/* Begin PBXBuildFile section */
		1498D2341E8E89220040F4C2 /* GeneratedPluginRegistrant.m in Sources */ = {isa = PBXBuildFile; fileRef = 1498D2331E8E89220040F4C2 /* GeneratedPluginRegistrant.m */; };
		1843590F2409F51300861B17 /* ic_launcher_foreground-1.png in Resources */ = {isa = PBXBuildFile; fileRef = 1843590C2409F51300861B17 /* ic_launcher_foreground-1.png */; };
		184359102409F51300861B17 /* ic_launcher_foreground-2.png in Resources */ = {isa = PBXBuildFile; fileRef = 1843590D2409F51300861B17 /* ic_launcher_foreground-2.png */; };
		184359112409F51300861B17 /* ic_launcher_foreground.png in Resources */ = {isa = PBXBuildFile; fileRef = 1843590E2409F51300861B17 /* ic_launcher_foreground.png */; };
		1843592C2409F53600861B17 /* Contents.json in Resources */ = {isa = PBXBuildFile; fileRef = 184359122409F52D00861B17 /* Contents.json */; };
		1843592D2409F53600861B17 /* 76.png in Resources */ = {isa = PBXBuildFile; fileRef = 184359132409F52E00861B17 /* 76.png */; };
		1843592E2409F53600861B17 /* 172.png in Resources */ = {isa = PBXBuildFile; fileRef = 184359142409F52E00861B17 /* 172.png */; };
		1843592F2409F53600861B17 /* 152.png in Resources */ = {isa = PBXBuildFile; fileRef = 184359152409F52E00861B17 /* 152.png */; };
		184359302409F53600861B17 /* 80.png in Resources */ = {isa = PBXBuildFile; fileRef = 184359162409F52F00861B17 /* 80.png */; };
		184359312409F53600861B17 /* 29.png in Resources */ = {isa = PBXBuildFile; fileRef = 184359172409F52F00861B17 /* 29.png */; };
		184359322409F53600861B17 /* 60.png in Resources */ = {isa = PBXBuildFile; fileRef = 184359182409F52F00861B17 /* 60.png */; };
		184359332409F53600861B17 /* 20.png in Resources */ = {isa = PBXBuildFile; fileRef = 184359192409F52F00861B17 /* 20.png */; };
		184359342409F53600861B17 /* 40.png in Resources */ = {isa = PBXBuildFile; fileRef = 1843591A2409F53000861B17 /* 40.png */; };
		184359352409F53600861B17 /* 114.png in Resources */ = {isa = PBXBuildFile; fileRef = 1843591B2409F53000861B17 /* 114.png */; };
		184359362409F53600861B17 /* 216.png in Resources */ = {isa = PBXBuildFile; fileRef = 1843591C2409F53000861B17 /* 216.png */; };
		184359372409F53600861B17 /* 100.png in Resources */ = {isa = PBXBuildFile; fileRef = 1843591D2409F53000861B17 /* 100.png */; };
		184359382409F53600861B17 /* 48.png in Resources */ = {isa = PBXBuildFile; fileRef = 1843591E2409F53100861B17 /* 48.png */; };
		184359392409F53600861B17 /* 50.png in Resources */ = {isa = PBXBuildFile; fileRef = 1843591F2409F53100861B17 /* 50.png */; };
		1843593A2409F53600861B17 /* 55.png in Resources */ = {isa = PBXBuildFile; fileRef = 184359202409F53400861B17 /* 55.png */; };
		1843593B2409F53600861B17 /* 167.png in Resources */ = {isa = PBXBuildFile; fileRef = 184359212409F53400861B17 /* 167.png */; };
		1843593C2409F53600861B17 /* 1024.png in Resources */ = {isa = PBXBuildFile; fileRef = 184359222409F53400861B17 /* 1024.png */; };
		1843593D2409F53600861B17 /* 57.png in Resources */ = {isa = PBXBuildFile; fileRef = 184359232409F53500861B17 /* 57.png */; };
		1843593E2409F53600861B17 /* 120.png in Resources */ = {isa = PBXBuildFile; fileRef = 184359242409F53500861B17 /* 120.png */; };
		1843593F2409F53600861B17 /* 87.png in Resources */ = {isa = PBXBuildFile; fileRef = 184359252409F53500861B17 /* 87.png */; };
		184359402409F53600861B17 /* 58.png in Resources */ = {isa = PBXBuildFile; fileRef = 184359262409F53500861B17 /* 58.png */; };
		184359412409F53600861B17 /* 88.png in Resources */ = {isa = PBXBuildFile; fileRef = 184359272409F53500861B17 /* 88.png */; };
		184359422409F53600861B17 /* 72.png in Resources */ = {isa = PBXBuildFile; fileRef = 184359282409F53500861B17 /* 72.png */; };
		184359432409F53600861B17 /* 196.png in Resources */ = {isa = PBXBuildFile; fileRef = 184359292409F53600861B17 /* 196.png */; };
		184359442409F53600861B17 /* 144.png in Resources */ = {isa = PBXBuildFile; fileRef = 1843592A2409F53600861B17 /* 144.png */; };
		184359452409F53600861B17 /* 180.png in Resources */ = {isa = PBXBuildFile; fileRef = 1843592B2409F53600861B17 /* 180.png */; };
		184DF5B0240B86EB003B1CDF /* GoogleService-Info.plist in Resources */ = {isa = PBXBuildFile; fileRef = 184DF5AF240B86EB003B1CDF /* GoogleService-Info.plist */; };
		184DF5B2240B86FA003B1CDF /* key.plist in Resources */ = {isa = PBXBuildFile; fileRef = 184DF5B1240B86FA003B1CDF /* key.plist */; };
		18C1407D242195C600E6D529 /* MapboxMobileEvents.framework in Frameworks */ = {isa = PBXBuildFile; fileRef = 18C1407C242195C600E6D529 /* MapboxMobileEvents.framework */; };
		3B3967161E833CAA004F5970 /* AppFrameworkInfo.plist in Resources */ = {isa = PBXBuildFile; fileRef = 3B3967151E833CAA004F5970 /* AppFrameworkInfo.plist */; };
		74858FAF1ED2DC5600515810 /* AppDelegate.swift in Sources */ = {isa = PBXBuildFile; fileRef = 74858FAE1ED2DC5600515810 /* AppDelegate.swift */; };
		97C146FC1CF9000F007C117D /* Main.storyboard in Resources */ = {isa = PBXBuildFile; fileRef = 97C146FA1CF9000F007C117D /* Main.storyboard */; };
		97C146FE1CF9000F007C117D /* Assets.xcassets in Resources */ = {isa = PBXBuildFile; fileRef = 97C146FD1CF9000F007C117D /* Assets.xcassets */; };
		97C147011CF9000F007C117D /* LaunchScreen.storyboard in Resources */ = {isa = PBXBuildFile; fileRef = 97C146FF1CF9000F007C117D /* LaunchScreen.storyboard */; };
		F45C47D50B9600178F6DB0C5 /* Pods_Runner.framework in Frameworks */ = {isa = PBXBuildFile; fileRef = E4DD61A179A2A36076F0DEB2 /* Pods_Runner.framework */; };
/* End PBXBuildFile section */

/* Begin PBXCopyFilesBuildPhase section */
		9705A1C41CF9048500538489 /* Embed Frameworks */ = {
			isa = PBXCopyFilesBuildPhase;
			buildActionMask = 2147483647;
			dstPath = "";
			dstSubfolderSpec = 10;
			files = (
			);
			name = "Embed Frameworks";
			runOnlyForDeploymentPostprocessing = 0;
		};
/* End PBXCopyFilesBuildPhase section */

/* Begin PBXFileReference section */
		095700EABF1B36DF1F4BD001 /* Pods-Runner.release.xcconfig */ = {isa = PBXFileReference; includeInIndex = 1; lastKnownFileType = text.xcconfig; name = "Pods-Runner.release.xcconfig"; path = "Target Support Files/Pods-Runner/Pods-Runner.release.xcconfig"; sourceTree = "<group>"; };
		1498D2321E8E86230040F4C2 /* GeneratedPluginRegistrant.h */ = {isa = PBXFileReference; lastKnownFileType = sourcecode.c.h; path = GeneratedPluginRegistrant.h; sourceTree = "<group>"; };
		1498D2331E8E89220040F4C2 /* GeneratedPluginRegistrant.m */ = {isa = PBXFileReference; fileEncoding = 4; lastKnownFileType = sourcecode.c.objc; path = GeneratedPluginRegistrant.m; sourceTree = "<group>"; };
		18435908240897EB00861B17 /* Runner.entitlements */ = {isa = PBXFileReference; lastKnownFileType = text.plist.entitlements; path = Runner.entitlements; sourceTree = "<group>"; };
		1843590A2408A26F00861B17 /* MapboxMobileEvents.framework */ = {isa = PBXFileReference; explicitFileType = wrapper.framework; path = MapboxMobileEvents.framework; sourceTree = BUILT_PRODUCTS_DIR; };
		1843590C2409F51300861B17 /* ic_launcher_foreground-1.png */ = {isa = PBXFileReference; lastKnownFileType = image.png; name = "ic_launcher_foreground-1.png"; path = "Runner/Assets.xcassets/LaunchImage.imageset/ic_launcher_foreground-1.png"; sourceTree = "<group>"; };
		1843590D2409F51300861B17 /* ic_launcher_foreground-2.png */ = {isa = PBXFileReference; lastKnownFileType = image.png; name = "ic_launcher_foreground-2.png"; path = "Runner/Assets.xcassets/LaunchImage.imageset/ic_launcher_foreground-2.png"; sourceTree = "<group>"; };
		1843590E2409F51300861B17 /* ic_launcher_foreground.png */ = {isa = PBXFileReference; lastKnownFileType = image.png; name = ic_launcher_foreground.png; path = Runner/Assets.xcassets/LaunchImage.imageset/ic_launcher_foreground.png; sourceTree = "<group>"; };
		184359122409F52D00861B17 /* Contents.json */ = {isa = PBXFileReference; fileEncoding = 4; lastKnownFileType = text.json; name = Contents.json; path = Runner/Assets.xcassets/AppIcon.appiconset/Contents.json; sourceTree = "<group>"; };
		184359132409F52E00861B17 /* 76.png */ = {isa = PBXFileReference; lastKnownFileType = image.png; name = 76.png; path = Runner/Assets.xcassets/AppIcon.appiconset/76.png; sourceTree = "<group>"; };
		184359142409F52E00861B17 /* 172.png */ = {isa = PBXFileReference; lastKnownFileType = image.png; name = 172.png; path = Runner/Assets.xcassets/AppIcon.appiconset/172.png; sourceTree = "<group>"; };
		184359152409F52E00861B17 /* 152.png */ = {isa = PBXFileReference; lastKnownFileType = image.png; name = 152.png; path = Runner/Assets.xcassets/AppIcon.appiconset/152.png; sourceTree = "<group>"; };
		184359162409F52F00861B17 /* 80.png */ = {isa = PBXFileReference; lastKnownFileType = image.png; name = 80.png; path = Runner/Assets.xcassets/AppIcon.appiconset/80.png; sourceTree = "<group>"; };
		184359172409F52F00861B17 /* 29.png */ = {isa = PBXFileReference; lastKnownFileType = image.png; name = 29.png; path = Runner/Assets.xcassets/AppIcon.appiconset/29.png; sourceTree = "<group>"; };
		184359182409F52F00861B17 /* 60.png */ = {isa = PBXFileReference; lastKnownFileType = image.png; name = 60.png; path = Runner/Assets.xcassets/AppIcon.appiconset/60.png; sourceTree = "<group>"; };
		184359192409F52F00861B17 /* 20.png */ = {isa = PBXFileReference; lastKnownFileType = image.png; name = 20.png; path = Runner/Assets.xcassets/AppIcon.appiconset/20.png; sourceTree = "<group>"; };
		1843591A2409F53000861B17 /* 40.png */ = {isa = PBXFileReference; lastKnownFileType = image.png; name = 40.png; path = Runner/Assets.xcassets/AppIcon.appiconset/40.png; sourceTree = "<group>"; };
		1843591B2409F53000861B17 /* 114.png */ = {isa = PBXFileReference; lastKnownFileType = image.png; name = 114.png; path = Runner/Assets.xcassets/AppIcon.appiconset/114.png; sourceTree = "<group>"; };
		1843591C2409F53000861B17 /* 216.png */ = {isa = PBXFileReference; lastKnownFileType = image.png; name = 216.png; path = Runner/Assets.xcassets/AppIcon.appiconset/216.png; sourceTree = "<group>"; };
		1843591D2409F53000861B17 /* 100.png */ = {isa = PBXFileReference; lastKnownFileType = image.png; name = 100.png; path = Runner/Assets.xcassets/AppIcon.appiconset/100.png; sourceTree = "<group>"; };
		1843591E2409F53100861B17 /* 48.png */ = {isa = PBXFileReference; lastKnownFileType = image.png; name = 48.png; path = Runner/Assets.xcassets/AppIcon.appiconset/48.png; sourceTree = "<group>"; };
		1843591F2409F53100861B17 /* 50.png */ = {isa = PBXFileReference; lastKnownFileType = image.png; name = 50.png; path = Runner/Assets.xcassets/AppIcon.appiconset/50.png; sourceTree = "<group>"; };
		184359202409F53400861B17 /* 55.png */ = {isa = PBXFileReference; lastKnownFileType = image.png; name = 55.png; path = Runner/Assets.xcassets/AppIcon.appiconset/55.png; sourceTree = "<group>"; };
		184359212409F53400861B17 /* 167.png */ = {isa = PBXFileReference; lastKnownFileType = image.png; name = 167.png; path = Runner/Assets.xcassets/AppIcon.appiconset/167.png; sourceTree = "<group>"; };
		184359222409F53400861B17 /* 1024.png */ = {isa = PBXFileReference; lastKnownFileType = image.png; name = 1024.png; path = Runner/Assets.xcassets/AppIcon.appiconset/1024.png; sourceTree = "<group>"; };
		184359232409F53500861B17 /* 57.png */ = {isa = PBXFileReference; lastKnownFileType = image.png; name = 57.png; path = Runner/Assets.xcassets/AppIcon.appiconset/57.png; sourceTree = "<group>"; };
		184359242409F53500861B17 /* 120.png */ = {isa = PBXFileReference; lastKnownFileType = image.png; name = 120.png; path = Runner/Assets.xcassets/AppIcon.appiconset/120.png; sourceTree = "<group>"; };
		184359252409F53500861B17 /* 87.png */ = {isa = PBXFileReference; lastKnownFileType = image.png; name = 87.png; path = Runner/Assets.xcassets/AppIcon.appiconset/87.png; sourceTree = "<group>"; };
		184359262409F53500861B17 /* 58.png */ = {isa = PBXFileReference; lastKnownFileType = image.png; name = 58.png; path = Runner/Assets.xcassets/AppIcon.appiconset/58.png; sourceTree = "<group>"; };
		184359272409F53500861B17 /* 88.png */ = {isa = PBXFileReference; lastKnownFileType = image.png; name = 88.png; path = Runner/Assets.xcassets/AppIcon.appiconset/88.png; sourceTree = "<group>"; };
		184359282409F53500861B17 /* 72.png */ = {isa = PBXFileReference; lastKnownFileType = image.png; name = 72.png; path = Runner/Assets.xcassets/AppIcon.appiconset/72.png; sourceTree = "<group>"; };
		184359292409F53600861B17 /* 196.png */ = {isa = PBXFileReference; lastKnownFileType = image.png; name = 196.png; path = Runner/Assets.xcassets/AppIcon.appiconset/196.png; sourceTree = "<group>"; };
		1843592A2409F53600861B17 /* 144.png */ = {isa = PBXFileReference; lastKnownFileType = image.png; name = 144.png; path = Runner/Assets.xcassets/AppIcon.appiconset/144.png; sourceTree = "<group>"; };
		1843592B2409F53600861B17 /* 180.png */ = {isa = PBXFileReference; lastKnownFileType = image.png; name = 180.png; path = Runner/Assets.xcassets/AppIcon.appiconset/180.png; sourceTree = "<group>"; };
		184DF5AF240B86EB003B1CDF /* GoogleService-Info.plist */ = {isa = PBXFileReference; fileEncoding = 4; lastKnownFileType = text.plist.xml; name = "GoogleService-Info.plist"; path = "Runner/GoogleService-Info.plist"; sourceTree = "<group>"; };
		184DF5B1240B86FA003B1CDF /* key.plist */ = {isa = PBXFileReference; fileEncoding = 4; lastKnownFileType = text.plist.xml; name = key.plist; path = Runner/key.plist; sourceTree = "<group>"; };
		18B9118A2415BCAF000553D1 /* MapboxMobileEvents.framework */ = {isa = PBXFileReference; explicitFileType = wrapper.framework; path = MapboxMobileEvents.framework; sourceTree = BUILT_PRODUCTS_DIR; };
		18C1407C242195C600E6D529 /* MapboxMobileEvents.framework */ = {isa = PBXFileReference; explicitFileType = wrapper.framework; path = MapboxMobileEvents.framework; sourceTree = BUILT_PRODUCTS_DIR; };
		3B3967151E833CAA004F5970 /* AppFrameworkInfo.plist */ = {isa = PBXFileReference; fileEncoding = 4; lastKnownFileType = text.plist.xml; name = AppFrameworkInfo.plist; path = Flutter/AppFrameworkInfo.plist; sourceTree = "<group>"; };
		70660135720BEB2928A4ACC8 /* Pods-Runner.profile.xcconfig */ = {isa = PBXFileReference; includeInIndex = 1; lastKnownFileType = text.xcconfig; name = "Pods-Runner.profile.xcconfig"; path = "Target Support Files/Pods-Runner/Pods-Runner.profile.xcconfig"; sourceTree = "<group>"; };
		74858FAD1ED2DC5600515810 /* Runner-Bridging-Header.h */ = {isa = PBXFileReference; lastKnownFileType = sourcecode.c.h; path = "Runner-Bridging-Header.h"; sourceTree = "<group>"; };
		74858FAE1ED2DC5600515810 /* AppDelegate.swift */ = {isa = PBXFileReference; fileEncoding = 4; lastKnownFileType = sourcecode.swift; path = AppDelegate.swift; sourceTree = "<group>"; };
		7AFA3C8E1D35360C0083082E /* Release.xcconfig */ = {isa = PBXFileReference; lastKnownFileType = text.xcconfig; name = Release.xcconfig; path = Flutter/Release.xcconfig; sourceTree = "<group>"; };
		9740EEB21CF90195004384FC /* Debug.xcconfig */ = {isa = PBXFileReference; fileEncoding = 4; lastKnownFileType = text.xcconfig; name = Debug.xcconfig; path = Flutter/Debug.xcconfig; sourceTree = "<group>"; };
		9740EEB31CF90195004384FC /* Generated.xcconfig */ = {isa = PBXFileReference; fileEncoding = 4; lastKnownFileType = text.xcconfig; name = Generated.xcconfig; path = Flutter/Generated.xcconfig; sourceTree = "<group>"; };
		97C146EE1CF9000F007C117D /* Runner.app */ = {isa = PBXFileReference; explicitFileType = wrapper.application; includeInIndex = 0; path = Runner.app; sourceTree = BUILT_PRODUCTS_DIR; };
		97C146FB1CF9000F007C117D /* Base */ = {isa = PBXFileReference; lastKnownFileType = file.storyboard; name = Base; path = Base.lproj/Main.storyboard; sourceTree = "<group>"; };
		97C146FD1CF9000F007C117D /* Assets.xcassets */ = {isa = PBXFileReference; lastKnownFileType = folder.assetcatalog; path = Assets.xcassets; sourceTree = "<group>"; };
		97C147001CF9000F007C117D /* Base */ = {isa = PBXFileReference; lastKnownFileType = file.storyboard; name = Base; path = Base.lproj/LaunchScreen.storyboard; sourceTree = "<group>"; };
		97C147021CF9000F007C117D /* Info.plist */ = {isa = PBXFileReference; lastKnownFileType = text.plist.xml; path = Info.plist; sourceTree = "<group>"; };
		D609CA399C6110E51511E0A8 /* Pods-Runner.debug.xcconfig */ = {isa = PBXFileReference; includeInIndex = 1; lastKnownFileType = text.xcconfig; name = "Pods-Runner.debug.xcconfig"; path = "Target Support Files/Pods-Runner/Pods-Runner.debug.xcconfig"; sourceTree = "<group>"; };
		E4DD61A179A2A36076F0DEB2 /* Pods_Runner.framework */ = {isa = PBXFileReference; explicitFileType = wrapper.framework; includeInIndex = 0; path = Pods_Runner.framework; sourceTree = BUILT_PRODUCTS_DIR; };
/* End PBXFileReference section */

/* Begin PBXFrameworksBuildPhase section */
		97C146EB1CF9000F007C117D /* Frameworks */ = {
			isa = PBXFrameworksBuildPhase;
			buildActionMask = 2147483647;
			files = (
				18C1407D242195C600E6D529 /* MapboxMobileEvents.framework in Frameworks */,
				F45C47D50B9600178F6DB0C5 /* Pods_Runner.framework in Frameworks */,
			);
			runOnlyForDeploymentPostprocessing = 0;
		};
/* End PBXFrameworksBuildPhase section */

/* Begin PBXGroup section */
		04120D41DFB6511DA885DE67 /* Pods */ = {
			isa = PBXGroup;
			children = (
				D609CA399C6110E51511E0A8 /* Pods-Runner.debug.xcconfig */,
				095700EABF1B36DF1F4BD001 /* Pods-Runner.release.xcconfig */,
				70660135720BEB2928A4ACC8 /* Pods-Runner.profile.xcconfig */,
			);
			path = Pods;
			sourceTree = "<group>";
		};
		1E510F8CEFDB7B7F504EF917 /* Frameworks */ = {
			isa = PBXGroup;
			children = (
				18C1407C242195C600E6D529 /* MapboxMobileEvents.framework */,
				18B9118A2415BCAF000553D1 /* MapboxMobileEvents.framework */,
				1843590A2408A26F00861B17 /* MapboxMobileEvents.framework */,
				E4DD61A179A2A36076F0DEB2 /* Pods_Runner.framework */,
			);
			name = Frameworks;
			sourceTree = "<group>";
		};
		9740EEB11CF90186004384FC /* Flutter */ = {
			isa = PBXGroup;
			children = (
				3B3967151E833CAA004F5970 /* AppFrameworkInfo.plist */,
				9740EEB21CF90195004384FC /* Debug.xcconfig */,
				7AFA3C8E1D35360C0083082E /* Release.xcconfig */,
				9740EEB31CF90195004384FC /* Generated.xcconfig */,
			);
			name = Flutter;
			sourceTree = "<group>";
		};
		97C146E51CF9000F007C117D = {
			isa = PBXGroup;
			children = (
				184DF5B1240B86FA003B1CDF /* key.plist */,
				184DF5AF240B86EB003B1CDF /* GoogleService-Info.plist */,
				184359192409F52F00861B17 /* 20.png */,
				184359172409F52F00861B17 /* 29.png */,
				1843591A2409F53000861B17 /* 40.png */,
				1843591E2409F53100861B17 /* 48.png */,
				1843591F2409F53100861B17 /* 50.png */,
				184359202409F53400861B17 /* 55.png */,
				184359232409F53500861B17 /* 57.png */,
				184359262409F53500861B17 /* 58.png */,
				184359182409F52F00861B17 /* 60.png */,
				184359282409F53500861B17 /* 72.png */,
				184359132409F52E00861B17 /* 76.png */,
				184359162409F52F00861B17 /* 80.png */,
				184359252409F53500861B17 /* 87.png */,
				184359272409F53500861B17 /* 88.png */,
				1843591D2409F53000861B17 /* 100.png */,
				1843591B2409F53000861B17 /* 114.png */,
				184359242409F53500861B17 /* 120.png */,
				1843592A2409F53600861B17 /* 144.png */,
				184359152409F52E00861B17 /* 152.png */,
				184359212409F53400861B17 /* 167.png */,
				184359142409F52E00861B17 /* 172.png */,
				1843592B2409F53600861B17 /* 180.png */,
				184359292409F53600861B17 /* 196.png */,
				1843591C2409F53000861B17 /* 216.png */,
				184359222409F53400861B17 /* 1024.png */,
				184359122409F52D00861B17 /* Contents.json */,
				1843590C2409F51300861B17 /* ic_launcher_foreground-1.png */,
				1843590D2409F51300861B17 /* ic_launcher_foreground-2.png */,
				1843590E2409F51300861B17 /* ic_launcher_foreground.png */,
				9740EEB11CF90186004384FC /* Flutter */,
				97C146F01CF9000F007C117D /* Runner */,
				97C146EF1CF9000F007C117D /* Products */,
				04120D41DFB6511DA885DE67 /* Pods */,
				1E510F8CEFDB7B7F504EF917 /* Frameworks */,
			);
			sourceTree = "<group>";
		};
		97C146EF1CF9000F007C117D /* Products */ = {
			isa = PBXGroup;
			children = (
				97C146EE1CF9000F007C117D /* Runner.app */,
			);
			name = Products;
			sourceTree = "<group>";
		};
		97C146F01CF9000F007C117D /* Runner */ = {
			isa = PBXGroup;
			children = (
				18435908240897EB00861B17 /* Runner.entitlements */,
				97C146FA1CF9000F007C117D /* Main.storyboard */,
				97C146FD1CF9000F007C117D /* Assets.xcassets */,
				97C146FF1CF9000F007C117D /* LaunchScreen.storyboard */,
				97C147021CF9000F007C117D /* Info.plist */,
				97C146F11CF9000F007C117D /* Supporting Files */,
				1498D2321E8E86230040F4C2 /* GeneratedPluginRegistrant.h */,
				1498D2331E8E89220040F4C2 /* GeneratedPluginRegistrant.m */,
				74858FAE1ED2DC5600515810 /* AppDelegate.swift */,
				74858FAD1ED2DC5600515810 /* Runner-Bridging-Header.h */,
			);
			path = Runner;
			sourceTree = "<group>";
		};
		97C146F11CF9000F007C117D /* Supporting Files */ = {
			isa = PBXGroup;
			children = (
			);
			name = "Supporting Files";
			sourceTree = "<group>";
		};
/* End PBXGroup section */

/* Begin PBXNativeTarget section */
		97C146ED1CF9000F007C117D /* Runner */ = {
			isa = PBXNativeTarget;
			buildConfigurationList = 97C147051CF9000F007C117D /* Build configuration list for PBXNativeTarget "Runner" */;
			buildPhases = (
				07922AD8352808566C969137 /* [CP] Check Pods Manifest.lock */,
				9740EEB61CF901F6004384FC /* Run Script */,
				97C146EA1CF9000F007C117D /* Sources */,
				97C146EB1CF9000F007C117D /* Frameworks */,
				97C146EC1CF9000F007C117D /* Resources */,
				9705A1C41CF9048500538489 /* Embed Frameworks */,
				3B06AD1E1E4923F5004D2608 /* Thin Binary */,
				C5D4B4AE5BF7FB1F61E260B7 /* [CP] Embed Pods Frameworks */,
				ED0F7DEF627C4E701D29EC5C /* [CP] Copy Pods Resources */,
			);
			buildRules = (
			);
			dependencies = (
			);
			name = Runner;
			productName = Runner;
			productReference = 97C146EE1CF9000F007C117D /* Runner.app */;
			productType = "com.apple.product-type.application";
		};
/* End PBXNativeTarget section */

/* Begin PBXProject section */
		97C146E61CF9000F007C117D /* Project object */ = {
			isa = PBXProject;
			attributes = {
				LastUpgradeCheck = 1020;
				ORGANIZATIONNAME = "The Chromium Authors";
				TargetAttributes = {
					97C146ED1CF9000F007C117D = {
						CreatedOnToolsVersion = 7.3.1;
						DevelopmentTeam = ZC7VQ35352;
						LastSwiftMigration = 1100;
						ProvisioningStyle = Automatic;
					};
				};
			};
			buildConfigurationList = 97C146E91CF9000F007C117D /* Build configuration list for PBXProject "Runner" */;
			compatibilityVersion = "Xcode 3.2";
			developmentRegion = en;
			hasScannedForEncodings = 0;
			knownRegions = (
				en,
				Base,
			);
			mainGroup = 97C146E51CF9000F007C117D;
			productRefGroup = 97C146EF1CF9000F007C117D /* Products */;
			projectDirPath = "";
			projectRoot = "";
			targets = (
				97C146ED1CF9000F007C117D /* Runner */,
			);
		};
/* End PBXProject section */

/* Begin PBXResourcesBuildPhase section */
		97C146EC1CF9000F007C117D /* Resources */ = {
			isa = PBXResourcesBuildPhase;
			buildActionMask = 2147483647;
			files = (
				184359422409F53600861B17 /* 72.png in Resources */,
				1843593D2409F53600861B17 /* 57.png in Resources */,
				184359332409F53600861B17 /* 20.png in Resources */,
				184359312409F53600861B17 /* 29.png in Resources */,
				184DF5B2240B86FA003B1CDF /* key.plist in Resources */,
				1843592E2409F53600861B17 /* 172.png in Resources */,
				184359112409F51300861B17 /* ic_launcher_foreground.png in Resources */,
				184359372409F53600861B17 /* 100.png in Resources */,
				184359382409F53600861B17 /* 48.png in Resources */,
				184359322409F53600861B17 /* 60.png in Resources */,
				1843593F2409F53600861B17 /* 87.png in Resources */,
				97C147011CF9000F007C117D /* LaunchScreen.storyboard in Resources */,
				184359102409F51300861B17 /* ic_launcher_foreground-2.png in Resources */,
				1843592C2409F53600861B17 /* Contents.json in Resources */,
				1843590F2409F51300861B17 /* ic_launcher_foreground-1.png in Resources */,
				184359362409F53600861B17 /* 216.png in Resources */,
				1843593E2409F53600861B17 /* 120.png in Resources */,
				184359432409F53600861B17 /* 196.png in Resources */,
				1843592D2409F53600861B17 /* 76.png in Resources */,
				1843593B2409F53600861B17 /* 167.png in Resources */,
				184359442409F53600861B17 /* 144.png in Resources */,
				184359352409F53600861B17 /* 114.png in Resources */,
				1843592F2409F53600861B17 /* 152.png in Resources */,
				3B3967161E833CAA004F5970 /* AppFrameworkInfo.plist in Resources */,
				184359302409F53600861B17 /* 80.png in Resources */,
				184359412409F53600861B17 /* 88.png in Resources */,
				1843593C2409F53600861B17 /* 1024.png in Resources */,
				184359402409F53600861B17 /* 58.png in Resources */,
				184359452409F53600861B17 /* 180.png in Resources */,
				1843593A2409F53600861B17 /* 55.png in Resources */,
				184DF5B0240B86EB003B1CDF /* GoogleService-Info.plist in Resources */,
				184359342409F53600861B17 /* 40.png in Resources */,
				184359392409F53600861B17 /* 50.png in Resources */,
				97C146FE1CF9000F007C117D /* Assets.xcassets in Resources */,
				97C146FC1CF9000F007C117D /* Main.storyboard in Resources */,
			);
			runOnlyForDeploymentPostprocessing = 0;
		};
/* End PBXResourcesBuildPhase section */

/* Begin PBXShellScriptBuildPhase section */
		07922AD8352808566C969137 /* [CP] Check Pods Manifest.lock */ = {
			isa = PBXShellScriptBuildPhase;
			buildActionMask = 2147483647;
			files = (
			);
			inputFileListPaths = (
			);
			inputPaths = (
				"${PODS_PODFILE_DIR_PATH}/Podfile.lock",
				"${PODS_ROOT}/Manifest.lock",
			);
			name = "[CP] Check Pods Manifest.lock";
			outputFileListPaths = (
			);
			outputPaths = (
				"$(DERIVED_FILE_DIR)/Pods-Runner-checkManifestLockResult.txt",
			);
			runOnlyForDeploymentPostprocessing = 0;
			shellPath = /bin/sh;
			shellScript = "diff \"${PODS_PODFILE_DIR_PATH}/Podfile.lock\" \"${PODS_ROOT}/Manifest.lock\" > /dev/null\nif [ $? != 0 ] ; then\n    # print error to STDERR\n    echo \"error: The sandbox is not in sync with the Podfile.lock. Run 'pod install' or update your CocoaPods installation.\" >&2\n    exit 1\nfi\n# This output is used by Xcode 'outputs' to avoid re-running this script phase.\necho \"SUCCESS\" > \"${SCRIPT_OUTPUT_FILE_0}\"\n";
			showEnvVarsInLog = 0;
		};
		3B06AD1E1E4923F5004D2608 /* Thin Binary */ = {
			isa = PBXShellScriptBuildPhase;
			buildActionMask = 2147483647;
			files = (
			);
			inputPaths = (
			);
			name = "Thin Binary";
			outputPaths = (
			);
			runOnlyForDeploymentPostprocessing = 0;
			shellPath = /bin/sh;
			shellScript = "/bin/sh \"$FLUTTER_ROOT/packages/flutter_tools/bin/xcode_backend.sh\" embed\n/bin/sh \"$FLUTTER_ROOT/packages/flutter_tools/bin/xcode_backend.sh\" thin\n";
		};
		9740EEB61CF901F6004384FC /* Run Script */ = {
			isa = PBXShellScriptBuildPhase;
			buildActionMask = 2147483647;
			files = (
			);
			inputPaths = (
			);
			name = "Run Script";
			outputPaths = (
			);
			runOnlyForDeploymentPostprocessing = 0;
			shellPath = /bin/sh;
			shellScript = "/bin/sh \"$FLUTTER_ROOT/packages/flutter_tools/bin/xcode_backend.sh\" build";
		};
		C5D4B4AE5BF7FB1F61E260B7 /* [CP] Embed Pods Frameworks */ = {
			isa = PBXShellScriptBuildPhase;
			buildActionMask = 2147483647;
			files = (
			);
			inputPaths = (
			);
			name = "[CP] Embed Pods Frameworks";
			outputPaths = (
			);
			runOnlyForDeploymentPostprocessing = 0;
			shellPath = /bin/sh;
			shellScript = "\"${PODS_ROOT}/Target Support Files/Pods-Runner/Pods-Runner-frameworks.sh\"\n";
			showEnvVarsInLog = 0;
		};
		ED0F7DEF627C4E701D29EC5C /* [CP] Copy Pods Resources */ = {
			isa = PBXShellScriptBuildPhase;
			buildActionMask = 2147483647;
			files = (
			);
			inputPaths = (
			);
			name = "[CP] Copy Pods Resources";
			outputPaths = (
			);
			runOnlyForDeploymentPostprocessing = 0;
			shellPath = /bin/sh;
			shellScript = "\"${PODS_ROOT}/Target Support Files/Pods-Runner/Pods-Runner-resources.sh\"\n";
			showEnvVarsInLog = 0;
		};
/* End PBXShellScriptBuildPhase section */

/* Begin PBXSourcesBuildPhase section */
		97C146EA1CF9000F007C117D /* Sources */ = {
			isa = PBXSourcesBuildPhase;
			buildActionMask = 2147483647;
			files = (
				74858FAF1ED2DC5600515810 /* AppDelegate.swift in Sources */,
				1498D2341E8E89220040F4C2 /* GeneratedPluginRegistrant.m in Sources */,
			);
			runOnlyForDeploymentPostprocessing = 0;
		};
/* End PBXSourcesBuildPhase section */

/* Begin PBXVariantGroup section */
		97C146FA1CF9000F007C117D /* Main.storyboard */ = {
			isa = PBXVariantGroup;
			children = (
				97C146FB1CF9000F007C117D /* Base */,
			);
			name = Main.storyboard;
			sourceTree = "<group>";
		};
		97C146FF1CF9000F007C117D /* LaunchScreen.storyboard */ = {
			isa = PBXVariantGroup;
			children = (
				97C147001CF9000F007C117D /* Base */,
			);
			name = LaunchScreen.storyboard;
			sourceTree = "<group>";
		};
/* End PBXVariantGroup section */

/* Begin XCBuildConfiguration section */
		249021D3217E4FDB00AE95B9 /* Profile */ = {
			isa = XCBuildConfiguration;
			baseConfigurationReference = 7AFA3C8E1D35360C0083082E /* Release.xcconfig */;
			buildSettings = {
				ALWAYS_SEARCH_USER_PATHS = NO;
				CLANG_ANALYZER_NONNULL = YES;
				CLANG_CXX_LANGUAGE_STANDARD = "gnu++0x";
				CLANG_CXX_LIBRARY = "libc++";
				CLANG_ENABLE_MODULES = YES;
				CLANG_ENABLE_OBJC_ARC = YES;
				CLANG_WARN_BLOCK_CAPTURE_AUTORELEASING = YES;
				CLANG_WARN_BOOL_CONVERSION = YES;
				CLANG_WARN_COMMA = YES;
				CLANG_WARN_CONSTANT_CONVERSION = YES;
				CLANG_WARN_DEPRECATED_OBJC_IMPLEMENTATIONS = YES;
				CLANG_WARN_DIRECT_OBJC_ISA_USAGE = YES_ERROR;
				CLANG_WARN_EMPTY_BODY = YES;
				CLANG_WARN_ENUM_CONVERSION = YES;
				CLANG_WARN_INFINITE_RECURSION = YES;
				CLANG_WARN_INT_CONVERSION = YES;
				CLANG_WARN_NON_LITERAL_NULL_CONVERSION = YES;
				CLANG_WARN_OBJC_IMPLICIT_RETAIN_SELF = YES;
				CLANG_WARN_OBJC_LITERAL_CONVERSION = YES;
				CLANG_WARN_OBJC_ROOT_CLASS = YES_ERROR;
				CLANG_WARN_RANGE_LOOP_ANALYSIS = YES;
				CLANG_WARN_STRICT_PROTOTYPES = YES;
				CLANG_WARN_SUSPICIOUS_MOVE = YES;
				CLANG_WARN_UNREACHABLE_CODE = YES;
				CLANG_WARN__DUPLICATE_METHOD_MATCH = YES;
				"CODE_SIGN_IDENTITY[sdk=iphoneos*]" = "iPhone Developer";
				COPY_PHASE_STRIP = NO;
				DEBUG_INFORMATION_FORMAT = "dwarf-with-dsym";
				ENABLE_NS_ASSERTIONS = NO;
				ENABLE_STRICT_OBJC_MSGSEND = YES;
				GCC_C_LANGUAGE_STANDARD = gnu99;
				GCC_NO_COMMON_BLOCKS = YES;
				GCC_WARN_64_TO_32_BIT_CONVERSION = YES;
				GCC_WARN_ABOUT_RETURN_TYPE = YES_ERROR;
				GCC_WARN_UNDECLARED_SELECTOR = YES;
				GCC_WARN_UNINITIALIZED_AUTOS = YES_AGGRESSIVE;
				GCC_WARN_UNUSED_FUNCTION = YES;
				GCC_WARN_UNUSED_VARIABLE = YES;
				IPHONEOS_DEPLOYMENT_TARGET = 10.0;
				MTL_ENABLE_DEBUG_INFO = NO;
				SDKROOT = iphoneos;
				SUPPORTED_PLATFORMS = iphoneos;
				TARGETED_DEVICE_FAMILY = "1,2";
				VALIDATE_PRODUCT = YES;
			};
			name = Profile;
		};
		249021D4217E4FDB00AE95B9 /* Profile */ = {
			isa = XCBuildConfiguration;
			baseConfigurationReference = 7AFA3C8E1D35360C0083082E /* Release.xcconfig */;
			buildSettings = {
				ASSETCATALOG_COMPILER_APPICON_NAME = AppIcon;
				CLANG_ENABLE_MODULES = YES;
				CODE_SIGN_ENTITLEMENTS = Runner/Runner.entitlements;
				CODE_SIGN_IDENTITY = "Apple Development";
				CODE_SIGN_STYLE = Automatic;
				CURRENT_PROJECT_VERSION = 32;
				DEVELOPMENT_TEAM = ZC7VQ35352;
				ENABLE_BITCODE = NO;
				FRAMEWORK_SEARCH_PATHS = (
					"$(inherited)",
					"$(PROJECT_DIR)/Flutter",
				);
				INFOPLIST_FILE = Runner/Info.plist;
				LD_RUNPATH_SEARCH_PATHS = "$(inherited) @executable_path/Frameworks";
				LIBRARY_SEARCH_PATHS = (
					"$(inherited)",
					"$(PROJECT_DIR)/Flutter",
				);
				MARKETING_VERSION = 2.1.2;
				PRODUCT_BUNDLE_IDENTIFIER = za.co.sennit;
				PRODUCT_NAME = Runner;
				PROVISIONING_PROFILE_SPECIFIER = "";
				SWIFT_OBJC_BRIDGING_HEADER = "Runner/Runner-Bridging-Header.h";
				SWIFT_VERSION = 5.0;
				VERSIONING_SYSTEM = "apple-generic";
			};
			name = Profile;
		};
		97C147031CF9000F007C117D /* Debug */ = {
			isa = XCBuildConfiguration;
			baseConfigurationReference = 9740EEB21CF90195004384FC /* Debug.xcconfig */;
			buildSettings = {
				ALWAYS_SEARCH_USER_PATHS = NO;
				CLANG_ANALYZER_NONNULL = YES;
				CLANG_CXX_LANGUAGE_STANDARD = "gnu++0x";
				CLANG_CXX_LIBRARY = "libc++";
				CLANG_ENABLE_MODULES = YES;
				CLANG_ENABLE_OBJC_ARC = YES;
				CLANG_WARN_BLOCK_CAPTURE_AUTORELEASING = YES;
				CLANG_WARN_BOOL_CONVERSION = YES;
				CLANG_WARN_COMMA = YES;
				CLANG_WARN_CONSTANT_CONVERSION = YES;
				CLANG_WARN_DEPRECATED_OBJC_IMPLEMENTATIONS = YES;
				CLANG_WARN_DIRECT_OBJC_ISA_USAGE = YES_ERROR;
				CLANG_WARN_EMPTY_BODY = YES;
				CLANG_WARN_ENUM_CONVERSION = YES;
				CLANG_WARN_INFINITE_RECURSION = YES;
				CLANG_WARN_INT_CONVERSION = YES;
				CLANG_WARN_NON_LITERAL_NULL_CONVERSION = YES;
				CLANG_WARN_OBJC_IMPLICIT_RETAIN_SELF = YES;
				CLANG_WARN_OBJC_LITERAL_CONVERSION = YES;
				CLANG_WARN_OBJC_ROOT_CLASS = YES_ERROR;
				CLANG_WARN_RANGE_LOOP_ANALYSIS = YES;
				CLANG_WARN_STRICT_PROTOTYPES = YES;
				CLANG_WARN_SUSPICIOUS_MOVE = YES;
				CLANG_WARN_UNREACHABLE_CODE = YES;
				CLANG_WARN__DUPLICATE_METHOD_MATCH = YES;
				"CODE_SIGN_IDENTITY[sdk=iphoneos*]" = "iPhone Developer";
				COPY_PHASE_STRIP = NO;
				DEBUG_INFORMATION_FORMAT = dwarf;
				ENABLE_STRICT_OBJC_MSGSEND = YES;
				ENABLE_TESTABILITY = YES;
				GCC_C_LANGUAGE_STANDARD = gnu99;
				GCC_DYNAMIC_NO_PIC = NO;
				GCC_NO_COMMON_BLOCKS = YES;
				GCC_OPTIMIZATION_LEVEL = 0;
				GCC_PREPROCESSOR_DEFINITIONS = (
					"DEBUG=1",
					"$(inherited)",
				);
				GCC_WARN_64_TO_32_BIT_CONVERSION = YES;
				GCC_WARN_ABOUT_RETURN_TYPE = YES_ERROR;
				GCC_WARN_UNDECLARED_SELECTOR = YES;
				GCC_WARN_UNINITIALIZED_AUTOS = YES_AGGRESSIVE;
				GCC_WARN_UNUSED_FUNCTION = YES;
				GCC_WARN_UNUSED_VARIABLE = YES;
				IPHONEOS_DEPLOYMENT_TARGET = 10.0;
				MTL_ENABLE_DEBUG_INFO = YES;
				ONLY_ACTIVE_ARCH = YES;
				SDKROOT = iphoneos;
				TARGETED_DEVICE_FAMILY = "1,2";
			};
			name = Debug;
		};
		97C147041CF9000F007C117D /* Release */ = {
			isa = XCBuildConfiguration;
			baseConfigurationReference = 7AFA3C8E1D35360C0083082E /* Release.xcconfig */;
			buildSettings = {
				ALWAYS_SEARCH_USER_PATHS = NO;
				CLANG_ANALYZER_NONNULL = YES;
				CLANG_CXX_LANGUAGE_STANDARD = "gnu++0x";
				CLANG_CXX_LIBRARY = "libc++";
				CLANG_ENABLE_MODULES = YES;
				CLANG_ENABLE_OBJC_ARC = YES;
				CLANG_WARN_BLOCK_CAPTURE_AUTORELEASING = YES;
				CLANG_WARN_BOOL_CONVERSION = YES;
				CLANG_WARN_COMMA = YES;
				CLANG_WARN_CONSTANT_CONVERSION = YES;
				CLANG_WARN_DEPRECATED_OBJC_IMPLEMENTATIONS = YES;
				CLANG_WARN_DIRECT_OBJC_ISA_USAGE = YES_ERROR;
				CLANG_WARN_EMPTY_BODY = YES;
				CLANG_WARN_ENUM_CONVERSION = YES;
				CLANG_WARN_INFINITE_RECURSION = YES;
				CLANG_WARN_INT_CONVERSION = YES;
				CLANG_WARN_NON_LITERAL_NULL_CONVERSION = YES;
				CLANG_WARN_OBJC_IMPLICIT_RETAIN_SELF = YES;
				CLANG_WARN_OBJC_LITERAL_CONVERSION = YES;
				CLANG_WARN_OBJC_ROOT_CLASS = YES_ERROR;
				CLANG_WARN_RANGE_LOOP_ANALYSIS = YES;
				CLANG_WARN_STRICT_PROTOTYPES = YES;
				CLANG_WARN_SUSPICIOUS_MOVE = YES;
				CLANG_WARN_UNREACHABLE_CODE = YES;
				CLANG_WARN__DUPLICATE_METHOD_MATCH = YES;
				"CODE_SIGN_IDENTITY[sdk=iphoneos*]" = "iPhone Developer";
				COPY_PHASE_STRIP = NO;
				DEBUG_INFORMATION_FORMAT = "dwarf-with-dsym";
				ENABLE_NS_ASSERTIONS = NO;
				ENABLE_STRICT_OBJC_MSGSEND = YES;
				GCC_C_LANGUAGE_STANDARD = gnu99;
				GCC_NO_COMMON_BLOCKS = YES;
				GCC_WARN_64_TO_32_BIT_CONVERSION = YES;
				GCC_WARN_ABOUT_RETURN_TYPE = YES_ERROR;
				GCC_WARN_UNDECLARED_SELECTOR = YES;
				GCC_WARN_UNINITIALIZED_AUTOS = YES_AGGRESSIVE;
				GCC_WARN_UNUSED_FUNCTION = YES;
				GCC_WARN_UNUSED_VARIABLE = YES;
				IPHONEOS_DEPLOYMENT_TARGET = 10.0;
				MTL_ENABLE_DEBUG_INFO = NO;
				SDKROOT = iphoneos;
				SUPPORTED_PLATFORMS = iphoneos;
				SWIFT_OPTIMIZATION_LEVEL = "-Owholemodule";
				TARGETED_DEVICE_FAMILY = "1,2";
				VALIDATE_PRODUCT = YES;
			};
			name = Release;
		};
		97C147061CF9000F007C117D /* Debug */ = {
			isa = XCBuildConfiguration;
			baseConfigurationReference = 9740EEB21CF90195004384FC /* Debug.xcconfig */;
			buildSettings = {
				ASSETCATALOG_COMPILER_APPICON_NAME = AppIcon;
				CLANG_ENABLE_MODULES = YES;
				CODE_SIGN_ENTITLEMENTS = Runner/Runner.entitlements;
				CODE_SIGN_IDENTITY = "Apple Development";
				CODE_SIGN_STYLE = Automatic;
				CURRENT_PROJECT_VERSION = 32;
				DEVELOPMENT_TEAM = ZC7VQ35352;
				ENABLE_BITCODE = NO;
				FRAMEWORK_SEARCH_PATHS = (
					"$(inherited)",
					"$(PROJECT_DIR)/Flutter",
				);
				INFOPLIST_FILE = Runner/Info.plist;
				LD_RUNPATH_SEARCH_PATHS = "$(inherited) @executable_path/Frameworks";
				LIBRARY_SEARCH_PATHS = (
					"$(inherited)",
					"$(PROJECT_DIR)/Flutter",
				);
				MARKETING_VERSION = 2.1.2;
				PRODUCT_BUNDLE_IDENTIFIER = za.co.sennit;
				PRODUCT_NAME = Runner;
				PROVISIONING_PROFILE_SPECIFIER = "";
				SWIFT_OBJC_BRIDGING_HEADER = "Runner/Runner-Bridging-Header.h";
				SWIFT_OPTIMIZATION_LEVEL = "-Onone";
				SWIFT_VERSION = 5.0;
				VERSIONING_SYSTEM = "apple-generic";
			};
			name = Debug;
		};
		97C147071CF9000F007C117D /* Release */ = {
			isa = XCBuildConfiguration;
			baseConfigurationReference = 7AFA3C8E1D35360C0083082E /* Release.xcconfig */;
			buildSettings = {
				ASSETCATALOG_COMPILER_APPICON_NAME = AppIcon;
				CLANG_ENABLE_MODULES = YES;
				CODE_SIGN_ENTITLEMENTS = Runner/Runner.entitlements;
				CODE_SIGN_IDENTITY = "Apple Development";
				CODE_SIGN_STYLE = Automatic;
				CURRENT_PROJECT_VERSION = 32;
				DEVELOPMENT_TEAM = ZC7VQ35352;
				ENABLE_BITCODE = NO;
				FRAMEWORK_SEARCH_PATHS = (
					"$(inherited)",
					"$(PROJECT_DIR)/Flutter",
				);
				INFOPLIST_FILE = Runner/Info.plist;
				LD_RUNPATH_SEARCH_PATHS = "$(inherited) @executable_path/Frameworks";
				LIBRARY_SEARCH_PATHS = (
					"$(inherited)",
					"$(PROJECT_DIR)/Flutter",
				);
				MARKETING_VERSION = 2.1.2;
				PRODUCT_BUNDLE_IDENTIFIER = za.co.sennit;
				PRODUCT_NAME = Runner;
				PROVISIONING_PROFILE_SPECIFIER = "";
				SWIFT_OBJC_BRIDGING_HEADER = "Runner/Runner-Bridging-Header.h";
				SWIFT_VERSION = 5.0;
				VERSIONING_SYSTEM = "apple-generic";
			};
			name = Release;
		};
/* End XCBuildConfiguration section */

/* Begin XCConfigurationList section */
		97C146E91CF9000F007C117D /* Build configuration list for PBXProject "Runner" */ = {
			isa = XCConfigurationList;
			buildConfigurations = (
				97C147031CF9000F007C117D /* Debug */,
				97C147041CF9000F007C117D /* Release */,
				249021D3217E4FDB00AE95B9 /* Profile */,
			);
			defaultConfigurationIsVisible = 0;
			defaultConfigurationName = Release;
		};
		97C147051CF9000F007C117D /* Build configuration list for PBXNativeTarget "Runner" */ = {
			isa = XCConfigurationList;
			buildConfigurations = (
				97C147061CF9000F007C117D /* Debug */,
				97C147071CF9000F007C117D /* Release */,
				249021D4217E4FDB00AE95B9 /* Profile */,
			);
			defaultConfigurationIsVisible = 0;
			defaultConfigurationName = Release;
		};
/* End XCConfigurationList section */
	};
	rootObject = 97C146E61CF9000F007C117D /* Project object */;
}
